
Microsoft Visual Studio Solution File, Format Version 12.00
# Visual Studio 2012
Project("{FAE04EC0-301F-11D3-BF4B-00C04F79EFBC}") = "Fody", "Fody\Fody.csproj", "{4B08D9A0-6C9E-4E80-AFB2-A2068FF6ED11}"
EndProject
Project("{FAE04EC0-301F-11D3-BF4B-00C04F79EFBC}") = "NuGet", "NuGet\NuGet.csproj", "{291A029F-1D75-490A-9A1B-683851A87D86}"
EndProject
Project("{FAE04EC0-301F-11D3-BF4B-00C04F79EFBC}") = "AssemblyToProcess", "AssemblyToProcess\AssemblyToProcess.csproj", "{A8A63C09-04C0-436B-9486-B383CBF68CAB}"
EndProject
Project("{FAE04EC0-301F-11D3-BF4B-00C04F79EFBC}") = "Tests", "Tests\Tests.csproj", "{B5339B6A-27C3-4177-94C6-FD9298797B4E}"
EndProject
Project("{FAE04EC0-301F-11D3-BF4B-00C04F79EFBC}") = "Config", "Config\Config.csproj", "{2904ADCA-A12E-4264-85E6-FB209F3C324C}"
EndProject
Global
	GlobalSection(SolutionConfigurationPlatforms) = preSolution
		Debug|Any CPU = Debug|Any CPU
		Release|Any CPU = Release|Any CPU
	EndGlobalSection
	GlobalSection(ProjectConfigurationPlatforms) = postSolution
		{4B08D9A0-6C9E-4E80-AFB2-A2068FF6ED11}.Debug|Any CPU.ActiveCfg = Debug|Any CPU
		{4B08D9A0-6C9E-4E80-AFB2-A2068FF6ED11}.Debug|Any CPU.Build.0 = Debug|Any CPU
		{4B08D9A0-6C9E-4E80-AFB2-A2068FF6ED11}.Release|Any CPU.ActiveCfg = Release|Any CPU
		{4B08D9A0-6C9E-4E80-AFB2-A2068FF6ED11}.Release|Any CPU.Build.0 = Release|Any CPU
		{291A029F-1D75-490A-9A1B-683851A87D86}.Debug|Any CPU.ActiveCfg = Debug|Any CPU
		{291A029F-1D75-490A-9A1B-683851A87D86}.Debug|Any CPU.Build.0 = Debug|Any CPU
		{291A029F-1D75-490A-9A1B-683851A87D86}.Release|Any CPU.ActiveCfg = Release|Any CPU
		{291A029F-1D75-490A-9A1B-683851A87D86}.Release|Any CPU.Build.0 = Release|Any CPU
		{A8A63C09-04C0-436B-9486-B383CBF68CAB}.Debug|Any CPU.ActiveCfg = Debug|Any CPU
		{A8A63C09-04C0-436B-9486-B383CBF68CAB}.Debug|Any CPU.Build.0 = Debug|Any CPU
		{A8A63C09-04C0-436B-9486-B383CBF68CAB}.Release|Any CPU.ActiveCfg = Release|Any CPU
		{A8A63C09-04C0-436B-9486-B383CBF68CAB}.Release|Any CPU.Build.0 = Release|Any CPU
		{B5339B6A-27C3-4177-94C6-FD9298797B4E}.Debug|Any CPU.ActiveCfg = Debug|Any CPU
		{B5339B6A-27C3-4177-94C6-FD9298797B4E}.Debug|Any CPU.Build.0 = Debug|Any CPU
		{B5339B6A-27C3-4177-94C6-FD9298797B4E}.Release|Any CPU.ActiveCfg = Release|Any CPU
		{B5339B6A-27C3-4177-94C6-FD9298797B4E}.Release|Any CPU.Build.0 = Release|Any CPU
		{2904ADCA-A12E-4264-85E6-FB209F3C324C}.Debug|Any CPU.ActiveCfg = Debug|Any CPU
		{2904ADCA-A12E-4264-85E6-FB209F3C324C}.Debug|Any CPU.Build.0 = Debug|Any CPU
		{2904ADCA-A12E-4264-85E6-FB209F3C324C}.Release|Any CPU.ActiveCfg = Release|Any CPU
		{2904ADCA-A12E-4264-85E6-FB209F3C324C}.Release|Any CPU.Build.0 = Release|Any CPU
	EndGlobalSection
	GlobalSection(SolutionProperties) = preSolution
		HideSolutionNode = FALSE
	EndGlobalSection
EndGlobal
